// !$*UTF8*$!
{
	archiveVersion = 1;
	classes = {
	};
	objectVersion = 50;
	objects = {

/* Begin PBXBuildFile section */
		2A0AF5C9223C3274007D65A3 /* AppDelegate.swift in Sources */ = {isa = PBXBuildFile; fileRef = 2A0AF5C8223C3274007D65A3 /* AppDelegate.swift */; };
		2A0AF5CB223C3274007D65A3 /* MemeEditorVC.swift in Sources */ = {isa = PBXBuildFile; fileRef = 2A0AF5CA223C3274007D65A3 /* MemeEditorVC.swift */; };
		2A0AF5CE223C3274007D65A3 /* Main.storyboard in Resources */ = {isa = PBXBuildFile; fileRef = 2A0AF5CC223C3274007D65A3 /* Main.storyboard */; };
		2A0AF5D1223C3274007D65A3 /* Meme_App.xcdatamodeld in Sources */ = {isa = PBXBuildFile; fileRef = 2A0AF5CF223C3274007D65A3 /* Meme_App.xcdatamodeld */; };
		2A0AF5D3223C3276007D65A3 /* Assets.xcassets in Resources */ = {isa = PBXBuildFile; fileRef = 2A0AF5D2223C3276007D65A3 /* Assets.xcassets */; };
		2A0AF5D6223C3276007D65A3 /* LaunchScreen.storyboard in Resources */ = {isa = PBXBuildFile; fileRef = 2A0AF5D4223C3276007D65A3 /* LaunchScreen.storyboard */; };
		2A4BE0202262068200619FDA /* Meme.swift in Sources */ = {isa = PBXBuildFile; fileRef = 2A4BE01F2262068200619FDA /* Meme.swift */; };
		2AA15D6E2270BF2F0033632F /* SentMemesTableVC.swift in Sources */ = {isa = PBXBuildFile; fileRef = 2AA15D6D2270BF2F0033632F /* SentMemesTableVC.swift */; };
		2AA15D702270C0710033632F /* SentMemesCollectionVC.swift in Sources */ = {isa = PBXBuildFile; fileRef = 2AA15D6F2270C0710033632F /* SentMemesCollectionVC.swift */; };
		2AA15D722270C14F0033632F /* MemePreviewVC.swift in Sources */ = {isa = PBXBuildFile; fileRef = 2AA15D712270C14F0033632F /* MemePreviewVC.swift */; };
		2AA15D752270C4520033632F /* MemeTableCell.swift in Sources */ = {isa = PBXBuildFile; fileRef = 2AA15D742270C4520033632F /* MemeTableCell.swift */; };
		2AA15D772270C4610033632F /* MemeCollectionCell.swift in Sources */ = {isa = PBXBuildFile; fileRef = 2AA15D762270C4610033632F /* MemeCollectionCell.swift */; };
/* End PBXBuildFile section */

/* Begin PBXFileReference section */
		2A0AF5C5223C3274007D65A3 /* Meme-App.app */ = {isa = PBXFileReference; explicitFileType = wrapper.application; includeInIndex = 0; path = "Meme-App.app"; sourceTree = BUILT_PRODUCTS_DIR; };
		2A0AF5C8223C3274007D65A3 /* AppDelegate.swift */ = {isa = PBXFileReference; lastKnownFileType = sourcecode.swift; path = AppDelegate.swift; sourceTree = "<group>"; };
		2A0AF5CA223C3274007D65A3 /* MemeEditorVC.swift */ = {isa = PBXFileReference; lastKnownFileType = sourcecode.swift; path = MemeEditorVC.swift; sourceTree = "<group>"; };
		2A0AF5CD223C3274007D65A3 /* Base */ = {isa = PBXFileReference; lastKnownFileType = file.storyboard; name = Base; path = Base.lproj/Main.storyboard; sourceTree = "<group>"; };
		2A0AF5D0223C3274007D65A3 /* Meme_App.xcdatamodel */ = {isa = PBXFileReference; lastKnownFileType = wrapper.xcdatamodel; path = Meme_App.xcdatamodel; sourceTree = "<group>"; };
		2A0AF5D2223C3276007D65A3 /* Assets.xcassets */ = {isa = PBXFileReference; lastKnownFileType = folder.assetcatalog; path = Assets.xcassets; sourceTree = "<group>"; };
		2A0AF5D5223C3276007D65A3 /* Base */ = {isa = PBXFileReference; lastKnownFileType = file.storyboard; name = Base; path = Base.lproj/LaunchScreen.storyboard; sourceTree = "<group>"; };
		2A0AF5D7223C3276007D65A3 /* Info.plist */ = {isa = PBXFileReference; lastKnownFileType = text.plist.xml; path = Info.plist; sourceTree = "<group>"; };
		2A4BE01F2262068200619FDA /* Meme.swift */ = {isa = PBXFileReference; lastKnownFileType = sourcecode.swift; path = Meme.swift; sourceTree = "<group>"; };
		2AA15D6D2270BF2F0033632F /* SentMemesTableVC.swift */ = {isa = PBXFileReference; lastKnownFileType = sourcecode.swift; path = SentMemesTableVC.swift; sourceTree = "<group>"; };
		2AA15D6F2270C0710033632F /* SentMemesCollectionVC.swift */ = {isa = PBXFileReference; lastKnownFileType = sourcecode.swift; path = SentMemesCollectionVC.swift; sourceTree = "<group>"; };
		2AA15D712270C14F0033632F /* MemePreviewVC.swift */ = {isa = PBXFileReference; lastKnownFileType = sourcecode.swift; path = MemePreviewVC.swift; sourceTree = "<group>"; };
		2AA15D742270C4520033632F /* MemeTableCell.swift */ = {isa = PBXFileReference; lastKnownFileType = sourcecode.swift; path = MemeTableCell.swift; sourceTree = "<group>"; };
		2AA15D762270C4610033632F /* MemeCollectionCell.swift */ = {isa = PBXFileReference; lastKnownFileType = sourcecode.swift; path = MemeCollectionCell.swift; sourceTree = "<group>"; };
/* End PBXFileReference section */

/* Begin PBXFrameworksBuildPhase section */
		2A0AF5C2223C3274007D65A3 /* Frameworks */ = {
			isa = PBXFrameworksBuildPhase;
			buildActionMask = 2147483647;
			files = (
			);
			runOnlyForDeploymentPostprocessing = 0;
		};
/* End PBXFrameworksBuildPhase section */

/* Begin PBXGroup section */
		2A0AF5BC223C3274007D65A3 = {
			isa = PBXGroup;
			children = (
				2A0AF5C7223C3274007D65A3 /* Meme-App */,
				2A0AF5C6223C3274007D65A3 /* Products */,
			);
			sourceTree = "<group>";
		};
		2A0AF5C6223C3274007D65A3 /* Products */ = {
			isa = PBXGroup;
			children = (
				2A0AF5C5223C3274007D65A3 /* Meme-App.app */,
			);
			name = Products;
			sourceTree = "<group>";
		};
		2A0AF5C7223C3274007D65A3 /* Meme-App */ = {
			isa = PBXGroup;
			children = (
				2A0AF5C8223C3274007D65A3 /* AppDelegate.swift */,
				2AA15D732270C43E0033632F /* View */,
				2ADF467B2270BC780065D3CA /* Controllers */,
				2ADF46792270BA050065D3CA /* Storyboards */,
				2ADF467A2270BA360065D3CA /* Resources */,
				2ADF46782270B9E60065D3CA /* Model */,
			);
			path = "Meme-App";
			sourceTree = "<group>";
		};
		2AA15D732270C43E0033632F /* View */ = {
			isa = PBXGroup;
			children = (
				2AA15D742270C4520033632F /* MemeTableCell.swift */,
				2AA15D762270C4610033632F /* MemeCollectionCell.swift */,
			);
			path = View;
			sourceTree = "<group>";
		};
		2ADF46782270B9E60065D3CA /* Model */ = {
			isa = PBXGroup;
			children = (
				2A4BE01F2262068200619FDA /* Meme.swift */,
			);
			path = Model;
			sourceTree = "<group>";
		};
		2ADF46792270BA050065D3CA /* Storyboards */ = {
			isa = PBXGroup;
			children = (
				2A0AF5CC223C3274007D65A3 /* Main.storyboard */,
				2A0AF5D4223C3276007D65A3 /* LaunchScreen.storyboard */,
			);
			path = Storyboards;
			sourceTree = "<group>";
		};
		2ADF467A2270BA360065D3CA /* Resources */ = {
			isa = PBXGroup;
			children = (
				2A0AF5D2223C3276007D65A3 /* Assets.xcassets */,
				2A0AF5D7223C3276007D65A3 /* Info.plist */,
				2A0AF5CF223C3274007D65A3 /* Meme_App.xcdatamodeld */,
			);
			path = Resources;
			sourceTree = "<group>";
		};
		2ADF467B2270BC780065D3CA /* Controllers */ = {
			isa = PBXGroup;
			children = (
				2A0AF5CA223C3274007D65A3 /* MemeEditorVC.swift */,
				2AA15D6D2270BF2F0033632F /* SentMemesTableVC.swift */,
				2AA15D6F2270C0710033632F /* SentMemesCollectionVC.swift */,
				2AA15D712270C14F0033632F /* MemePreviewVC.swift */,
			);
			path = Controllers;
			sourceTree = "<group>";
		};
/* End PBXGroup section */

/* Begin PBXNativeTarget section */
		2A0AF5C4223C3274007D65A3 /* Meme-App */ = {
			isa = PBXNativeTarget;
			buildConfigurationList = 2A0AF5DA223C3276007D65A3 /* Build configuration list for PBXNativeTarget "Meme-App" */;
			buildPhases = (
				2A0AF5C1223C3274007D65A3 /* Sources */,
				2A0AF5C2223C3274007D65A3 /* Frameworks */,
				2A0AF5C3223C3274007D65A3 /* Resources */,
			);
			buildRules = (
			);
			dependencies = (
			);
			name = "Meme-App";
			productName = "Meme-App";
			productReference = 2A0AF5C5223C3274007D65A3 /* Meme-App.app */;
			productType = "com.apple.product-type.application";
		};
/* End PBXNativeTarget section */

/* Begin PBXProject section */
		2A0AF5BD223C3274007D65A3 /* Project object */ = {
			isa = PBXProject;
			attributes = {
				LastSwiftUpdateCheck = 1010;
				LastUpgradeCheck = 1010;
				ORGANIZATIONNAME = "Obai Alnajjar";
				TargetAttributes = {
					2A0AF5C4223C3274007D65A3 = {
						CreatedOnToolsVersion = 10.1;
					};
				};
			};
			buildConfigurationList = 2A0AF5C0223C3274007D65A3 /* Build configuration list for PBXProject "Meme-App" */;
			compatibilityVersion = "Xcode 9.3";
			developmentRegion = en;
			hasScannedForEncodings = 0;
			knownRegions = (
				en,
				Base,
			);
			mainGroup = 2A0AF5BC223C3274007D65A3;
			productRefGroup = 2A0AF5C6223C3274007D65A3 /* Products */;
			projectDirPath = "";
			projectRoot = "";
			targets = (
				2A0AF5C4223C3274007D65A3 /* Meme-App */,
			);
		};
/* End PBXProject section */

/* Begin PBXResourcesBuildPhase section */
		2A0AF5C3223C3274007D65A3 /* Resources */ = {
			isa = PBXResourcesBuildPhase;
			buildActionMask = 2147483647;
			files = (
				2A0AF5D6223C3276007D65A3 /* LaunchScreen.storyboard in Resources */,
				2A0AF5D3223C3276007D65A3 /* Assets.xcassets in Resources */,
				2A0AF5CE223C3274007D65A3 /* Main.storyboard in Resources */,
			);
			runOnlyForDeploymentPostprocessing = 0;
		};
/* End PBXResourcesBuildPhase section */

/* Begin PBXSourcesBuildPhase section */
		2A0AF5C1223C3274007D65A3 /* Sources */ = {
			isa = PBXSourcesBuildPhase;
			buildActionMask = 2147483647;
			files = (
				2AA15D772270C4610033632F /* MemeCollectionCell.swift in Sources */,
				2A0AF5D1223C3274007D65A3 /* Meme_App.xcdatamodeld in Sources */,
				2A0AF5CB223C3274007D65A3 /* MemeEditorVC.swift in Sources */,
				2AA15D752270C4520033632F /* MemeTableCell.swift in Sources */,
				2AA15D702270C0710033632F /* SentMemesCollectionVC.swift in Sources */,
				2A4BE0202262068200619FDA /* Meme.swift in Sources */,
				2AA15D6E2270BF2F0033632F /* SentMemesTableVC.swift in Sources */,
				2AA15D722270C14F0033632F /* MemePreviewVC.swift in Sources */,
				2A0AF5C9223C3274007D65A3 /* AppDelegate.swift in Sources */,
			);
			runOnlyForDeploymentPostprocessing = 0;
		};
/* End PBXSourcesBuildPhase section */

/* Begin PBXVariantGroup section */
		2A0AF5CC223C3274007D65A3 /* Main.storyboard */ = {
			isa = PBXVariantGroup;
			children = (
				2A0AF5CD223C3274007D65A3 /* Base */,
			);
			name = Main.storyboard;
			sourceTree = "<group>";
		};
		2A0AF5D4223C3276007D65A3 /* LaunchScreen.storyboard */ = {
			isa = PBXVariantGroup;
			children = (
				2A0AF5D5223C3276007D65A3 /* Base */,
			);
			name = LaunchScreen.storyboard;
			sourceTree = "<group>";
		};
/* End PBXVariantGroup section */

/* Begin XCBuildConfiguration section */
		2A0AF5D8223C3276007D65A3 /* Debug */ = {
			isa = XCBuildConfiguration;
			buildSettings = {
				ALWAYS_SEARCH_USER_PATHS = NO;
				CLANG_ANALYZER_NONNULL = YES;
				CLANG_ANALYZER_NUMBER_OBJECT_CONVERSION = YES_AGGRESSIVE;
				CLANG_CXX_LANGUAGE_STANDARD = "gnu++14";
				CLANG_CXX_LIBRARY = "libc++";
				CLANG_ENABLE_MODULES = YES;
				CLANG_ENABLE_OBJC_ARC = YES;
				CLANG_ENABLE_OBJC_WEAK = YES;
				CLANG_WARN_BLOCK_CAPTURE_AUTORELEASING = YES;
				CLANG_WARN_BOOL_CONVERSION = YES;
				CLANG_WARN_COMMA = YES;
				CLANG_WARN_CONSTANT_CONVERSION = YES;
				CLANG_WARN_DEPRECATED_OBJC_IMPLEMENTATIONS = YES;
				CLANG_WARN_DIRECT_OBJC_ISA_USAGE = YES_ERROR;
				CLANG_WARN_DOCUMENTATION_COMMENTS = YES;
				CLANG_WARN_EMPTY_BODY = YES;
				CLANG_WARN_ENUM_CONVERSION = YES;
				CLANG_WARN_INFINITE_RECURSION = YES;
				CLANG_WARN_INT_CONVERSION = YES;
				CLANG_WARN_NON_LITERAL_NULL_CONVERSION = YES;
				CLANG_WARN_OBJC_IMPLICIT_RETAIN_SELF = YES;
				CLANG_WARN_OBJC_LITERAL_CONVERSION = YES;
				CLANG_WARN_OBJC_ROOT_CLASS = YES_ERROR;
				CLANG_WARN_RANGE_LOOP_ANALYSIS = YES;
				CLANG_WARN_STRICT_PROTOTYPES = YES;
				CLANG_WARN_SUSPICIOUS_MOVE = YES;
				CLANG_WARN_UNGUARDED_AVAILABILITY = YES_AGGRESSIVE;
				CLANG_WARN_UNREACHABLE_CODE = YES;
				CLANG_WARN__DUPLICATE_METHOD_MATCH = YES;
				CODE_SIGN_IDENTITY = "iPhone Developer";
				COPY_PHASE_STRIP = NO;
				DEBUG_INFORMATION_FORMAT = dwarf;
				ENABLE_STRICT_OBJC_MSGSEND = YES;
				ENABLE_TESTABILITY = YES;
				GCC_C_LANGUAGE_STANDARD = gnu11;
				GCC_DYNAMIC_NO_PIC = NO;
				GCC_NO_COMMON_BLOCKS = YES;
				GCC_OPTIMIZATION_LEVEL = 0;
				GCC_PREPROCESSOR_DEFINITIONS = (
					"DEBUG=1",
					"$(inherited)",
				);
				GCC_WARN_64_TO_32_BIT_CONVERSION = YES;
				GCC_WARN_ABOUT_RETURN_TYPE = YES_ERROR;
				GCC_WARN_UNDECLARED_SELECTOR = YES;
				GCC_WARN_UNINITIALIZED_AUTOS = YES_AGGRESSIVE;
				GCC_WARN_UNUSED_FUNCTION = YES;
				GCC_WARN_UNUSED_VARIABLE = YES;
				IPHONEOS_DEPLOYMENT_TARGET = 12.1;
				MTL_ENABLE_DEBUG_INFO = INCLUDE_SOURCE;
				MTL_FAST_MATH = YES;
				ONLY_ACTIVE_ARCH = YES;
				SDKROOT = iphoneos;
				SWIFT_ACTIVE_COMPILATION_CONDITIONS = DEBUG;
				SWIFT_OPTIMIZATION_LEVEL = "-Onone";
			};
			name = Debug;
		};
		2A0AF5D9223C3276007D65A3 /* Release */ = {
			isa = XCBuildConfiguration;
			buildSettings = {
				ALWAYS_SEARCH_USER_PATHS = NO;
				CLANG_ANALYZER_NONNULL = YES;
				CLANG_ANALYZER_NUMBER_OBJECT_CONVERSION = YES_AGGRESSIVE;
				CLANG_CXX_LANGUAGE_STANDARD = "gnu++14";
				CLANG_CXX_LIBRARY = "libc++";
				CLANG_ENABLE_MODULES = YES;
				CLANG_ENABLE_OBJC_ARC = YES;
				CLANG_ENABLE_OBJC_WEAK = YES;
				CLANG_WARN_BLOCK_CAPTURE_AUTORELEASING = YES;
				CLANG_WARN_BOOL_CONVERSION = YES;
				CLANG_WARN_COMMA = YES;
				CLANG_WARN_CONSTANT_CONVERSION = YES;
				CLANG_WARN_DEPRECATED_OBJC_IMPLEMENTATIONS = YES;
				CLANG_WARN_DIRECT_OBJC_ISA_USAGE = YES_ERROR;
				CLANG_WARN_DOCUMENTATION_COMMENTS = YES;
				CLANG_WARN_EMPTY_BODY = YES;
				CLANG_WARN_ENUM_CONVERSION = YES;
				CLANG_WARN_INFINITE_RECURSION = YES;
				CLANG_WARN_INT_CONVERSION = YES;
				CLANG_WARN_NON_LITERAL_NULL_CONVERSION = YES;
				CLANG_WARN_OBJC_IMPLICIT_RETAIN_SELF = YES;
				CLANG_WARN_OBJC_LITERAL_CONVERSION = YES;
				CLANG_WARN_OBJC_ROOT_CLASS = YES_ERROR;
				CLANG_WARN_RANGE_LOOP_ANALYSIS = YES;
				CLANG_WARN_STRICT_PROTOTYPES = YES;
				CLANG_WARN_SUSPICIOUS_MOVE = YES;
				CLANG_WARN_UNGUARDED_AVAILABILITY = YES_AGGRESSIVE;
				CLANG_WARN_UNREACHABLE_CODE = YES;
				CLANG_WARN__DUPLICATE_METHOD_MATCH = YES;
				CODE_SIGN_IDENTITY = "iPhone Developer";
				COPY_PHASE_STRIP = NO;
				DEBUG_INFORMATION_FORMAT = "dwarf-with-dsym";
				ENABLE_NS_ASSERTIONS = NO;
				ENABLE_STRICT_OBJC_MSGSEND = YES;
				GCC_C_LANGUAGE_STANDARD = gnu11;
				GCC_NO_COMMON_BLOCKS = YES;
				GCC_WARN_64_TO_32_BIT_CONVERSION = YES;
				GCC_WARN_ABOUT_RETURN_TYPE = YES_ERROR;
				GCC_WARN_UNDECLARED_SELECTOR = YES;
				GCC_WARN_UNINITIALIZED_AUTOS = YES_AGGRESSIVE;
				GCC_WARN_UNUSED_FUNCTION = YES;
				GCC_WARN_UNUSED_VARIABLE = YES;
				IPHONEOS_DEPLOYMENT_TARGET = 12.1;
				MTL_ENABLE_DEBUG_INFO = NO;
				MTL_FAST_MATH = YES;
				SDKROOT = iphoneos;
				SWIFT_COMPILATION_MODE = wholemodule;
				SWIFT_OPTIMIZATION_LEVEL = "-O";
				VALIDATE_PRODUCT = YES;
			};
			name = Release;
		};
		2A0AF5DB223C3276007D65A3 /* Debug */ = {
			isa = XCBuildConfiguration;
			buildSettings = {
				ASSETCATALOG_COMPILER_APPICON_NAME = AppIcon;
				CODE_SIGN_STYLE = Automatic;
				DEVELOPMENT_TEAM = YKZDST5L5E;
				INFOPLIST_FILE = "Meme-App/Resources/Info.plist";
				LD_RUNPATH_SEARCH_PATHS = (
					"$(inherited)",
					"@executable_path/Frameworks",
				);
				PRODUCT_BUNDLE_IDENTIFIER = "dev.obai.Meme-App";
				PRODUCT_NAME = "$(TARGET_NAME)";
				SWIFT_VERSION = 4.2;
				TARGETED_DEVICE_FAMILY = "1,2";
			};
			name = Debug;
		};
		2A0AF5DC223C3276007D65A3 /* Release */ = {
			isa = XCBuildConfiguration;
			buildSettings = {
				ASSETCATALOG_COMPILER_APPICON_NAME = AppIcon;
				CODE_SIGN_STYLE = Automatic;
				DEVELOPMENT_TEAM = YKZDST5L5E;
				INFOPLIST_FILE = "Meme-App/Resources/Info.plist";
				LD_RUNPATH_SEARCH_PATHS = (
					"$(inherited)",
					"@executable_path/Frameworks",
				);
				PRODUCT_BUNDLE_IDENTIFIER = "dev.obai.Meme-App";
				PRODUCT_NAME = "$(TARGET_NAME)";
				SWIFT_VERSION = 4.2;
				TARGETED_DEVICE_FAMILY = "1,2";
			};
			name = Release;
		};
/* End XCBuildConfiguration section */

/* Begin XCConfigurationList section */
		2A0AF5C0223C3274007D65A3 /* Build configuration list for PBXProject "Meme-App" */ = {
			isa = XCConfigurationList;
			buildConfigurations = (
				2A0AF5D8223C3276007D65A3 /* Debug */,
				2A0AF5D9223C3276007D65A3 /* Release */,
			);
			defaultConfigurationIsVisible = 0;
			defaultConfigurationName = Release;
		};
		2A0AF5DA223C3276007D65A3 /* Build configuration list for PBXNativeTarget "Meme-App" */ = {
			isa = XCConfigurationList;
			buildConfigurations = (
				2A0AF5DB223C3276007D65A3 /* Debug */,
				2A0AF5DC223C3276007D65A3 /* Release */,
			);
			defaultConfigurationIsVisible = 0;
			defaultConfigurationName = Release;
		};
/* End XCConfigurationList section */

/* Begin XCVersionGroup section */
		2A0AF5CF223C3274007D65A3 /* Meme_App.xcdatamodeld */ = {
			isa = XCVersionGroup;
			children = (
				2A0AF5D0223C3274007D65A3 /* Meme_App.xcdatamodel */,
			);
			currentVersion = 2A0AF5D0223C3274007D65A3 /* Meme_App.xcdatamodel */;
			path = Meme_App.xcdatamodeld;
			sourceTree = "<group>";
			versionGroupType = wrapper.xcdatamodel;
		};
/* End XCVersionGroup section */
	};
	rootObject = 2A0AF5BD223C3274007D65A3 /* Project object */;
}
